// !$*UTF8*$!
{
	archiveVersion = 1;
	classes = {
	};
	objectVersion = 46;
	objects = {

/* Begin PBXBuildFile section */
		3CFF214D1B737B2A816CFC6A /* ViewController.swift in Sources */ = {isa = PBXBuildFile; fileRef = 3CFF22CF51D4CD11DFE7C6CA /* ViewController.swift */; };
		3CFF243FC6241FB80B12AD7D /* Assets.xcassets in Resources */ = {isa = PBXBuildFile; fileRef = 3CFF2954A6096A77C084C745 /* Assets.xcassets */; };
		3CFF25CC59680C2913597939 /* UIViewFactory.swift in Sources */ = {isa = PBXBuildFile; fileRef = 3CFF284B30C1B766EDFC79A8 /* UIViewFactory.swift */; };
		3CFF28F57C3BC68C27062F1A /* Extensions.swift in Sources */ = {isa = PBXBuildFile; fileRef = 3CFF2CB5E64F2E05F99BD3EB /* Extensions.swift */; };
		3CFF2931E7A4AF23FEDCC3FC /* LaunchScreen.storyboard in Resources */ = {isa = PBXBuildFile; fileRef = 3CFF2BC182CB887E4D5B0511 /* LaunchScreen.storyboard */; };
		3CFF2AB33D4F195CCDCD5909 /* AppDelegate.swift in Sources */ = {isa = PBXBuildFile; fileRef = 3CFF24B428C3FBFAB1760670 /* AppDelegate.swift */; };
/* End PBXBuildFile section */

/* Begin PBXFileReference section */
		3CFF200D7F38DD86C27563C6 /* Info.plist */ = {isa = PBXFileReference; lastKnownFileType = text.plist.info; path = Info.plist; sourceTree = "<group>"; };
		3CFF22CF51D4CD11DFE7C6CA /* ViewController.swift */ = {isa = PBXFileReference; lastKnownFileType = sourcecode.swift; path = ViewController.swift; sourceTree = "<group>"; };
		3CFF24B428C3FBFAB1760670 /* AppDelegate.swift */ = {isa = PBXFileReference; lastKnownFileType = sourcecode.swift; path = AppDelegate.swift; sourceTree = "<group>"; };
		3CFF284B30C1B766EDFC79A8 /* UIViewFactory.swift */ = {isa = PBXFileReference; fileEncoding = 4; lastKnownFileType = sourcecode.swift; path = UIViewFactory.swift; sourceTree = "<group>"; };
		3CFF2954A6096A77C084C745 /* Assets.xcassets */ = {isa = PBXFileReference; lastKnownFileType = folder.assetcatalog; path = Assets.xcassets; sourceTree = "<group>"; };
		3CFF29A11142883C18969301 /* iNopeChat.app */ = {isa = PBXFileReference; explicitFileType = wrapper.application; includeInIndex = 0; path = iNopeChat.app; sourceTree = BUILT_PRODUCTS_DIR; };
		3CFF2CB5E64F2E05F99BD3EB /* Extensions.swift */ = {isa = PBXFileReference; fileEncoding = 4; lastKnownFileType = sourcecode.swift; path = Extensions.swift; sourceTree = "<group>"; };
		3CFF2F72E968C9AF50EC6FBC /* Base */ = {isa = PBXFileReference; lastKnownFileType = file.storyboard; name = Base; path = Base.lproj/LaunchScreen.storyboard; sourceTree = "<group>"; };
/* End PBXFileReference section */

/* Begin PBXFrameworksBuildPhase section */
		3CFF27A618A97348F888849E /* Frameworks */ = {
			isa = PBXFrameworksBuildPhase;
			buildActionMask = 2147483647;
			files = (
			);
			runOnlyForDeploymentPostprocessing = 0;
		};
/* End PBXFrameworksBuildPhase section */

/* Begin PBXGroup section */
		3CFF22CEA73265ED421D56B9 = {
			isa = PBXGroup;
			children = (
				3CFF2845CD6DA0DFD6753F16 /* Products */,
				3CFF2D6DFC542950D086F416 /* iNopeChat */,
			);
			sourceTree = "<group>";
		};
		3CFF2845CD6DA0DFD6753F16 /* Products */ = {
			isa = PBXGroup;
			children = (
				3CFF29A11142883C18969301 /* iNopeChat.app */,
			);
			name = Products;
			sourceTree = "<group>";
		};
		3CFF2D6DFC542950D086F416 /* iNopeChat */ = {
			isa = PBXGroup;
			children = (
				3CFF200D7F38DD86C27563C6 /* Info.plist */,
				3CFF2954A6096A77C084C745 /* Assets.xcassets */,
				3CFF2BC182CB887E4D5B0511 /* LaunchScreen.storyboard */,
				3CFF24B428C3FBFAB1760670 /* AppDelegate.swift */,
				3CFF22CF51D4CD11DFE7C6CA /* ViewController.swift */,
				3CFF284B30C1B766EDFC79A8 /* UIViewFactory.swift */,
				3CFF2CB5E64F2E05F99BD3EB /* Extensions.swift */,
			);
			path = iNopeChat;
			sourceTree = "<group>";
		};
/* End PBXGroup section */

/* Begin PBXNativeTarget section */
		3CFF2EE5C56577AE270B42A4 /* iNopeChat */ = {
			isa = PBXNativeTarget;
			buildConfigurationList = 3CFF29FE8E6895499A3FB193 /* Build configuration list for PBXNativeTarget "iNopeChat" */;
			buildPhases = (
				3CFF27754165C12E2739273D /* Sources */,
				3CFF27A618A97348F888849E /* Frameworks */,
				3CFF296D407CFD653FFF5945 /* Resources */,
			);
			buildRules = (
			);
			dependencies = (
			);
			name = iNopeChat;
			productName = iNopeChat;
			productReference = 3CFF29A11142883C18969301 /* iNopeChat.app */;
			productType = "com.apple.product-type.application";
		};
/* End PBXNativeTarget section */

/* Begin PBXProject section */
		3CFF2ADEE0DC36423380DACF /* Project object */ = {
			isa = PBXProject;
			attributes = {
				ORGANIZATIONNAME = example;
				TargetAttributes = {
					3CFF2EE5C56577AE270B42A4 = {
						DevelopmentTeam = H6S25Q987W;
					};
				};
			};
			buildConfigurationList = 3CFF271B434E7EB6B203C6FD /* Build configuration list for PBXProject "iNopeChat" */;
			compatibilityVersion = "Xcode 3.2";
			developmentRegion = English;
			hasScannedForEncodings = 0;
			knownRegions = (
				en,
			);
			mainGroup = 3CFF22CEA73265ED421D56B9;
			productRefGroup = 3CFF2845CD6DA0DFD6753F16 /* Products */;
			projectDirPath = "";
			projectRoot = "";
			targets = (
				3CFF2EE5C56577AE270B42A4 /* iNopeChat */,
			);
		};
/* End PBXProject section */

/* Begin PBXResourcesBuildPhase section */
		3CFF296D407CFD653FFF5945 /* Resources */ = {
			isa = PBXResourcesBuildPhase;
			buildActionMask = 2147483647;
			files = (
				3CFF243FC6241FB80B12AD7D /* Assets.xcassets in Resources */,
				3CFF2931E7A4AF23FEDCC3FC /* LaunchScreen.storyboard in Resources */,
			);
			runOnlyForDeploymentPostprocessing = 0;
		};
/* End PBXResourcesBuildPhase section */

/* Begin PBXSourcesBuildPhase section */
		3CFF27754165C12E2739273D /* Sources */ = {
			isa = PBXSourcesBuildPhase;
			buildActionMask = 2147483647;
			files = (
				3CFF2AB33D4F195CCDCD5909 /* AppDelegate.swift in Sources */,
				3CFF214D1B737B2A816CFC6A /* ViewController.swift in Sources */,
				3CFF25CC59680C2913597939 /* UIViewFactory.swift in Sources */,
				3CFF28F57C3BC68C27062F1A /* Extensions.swift in Sources */,
			);
			runOnlyForDeploymentPostprocessing = 0;
		};
/* End PBXSourcesBuildPhase section */

/* Begin PBXVariantGroup section */
		3CFF2BC182CB887E4D5B0511 /* LaunchScreen.storyboard */ = {
			isa = PBXVariantGroup;
			children = (
				3CFF2F72E968C9AF50EC6FBC /* Base */,
			);
			name = LaunchScreen.storyboard;
			sourceTree = "<group>";
		};
/* End PBXVariantGroup section */

/* Begin XCBuildConfiguration section */
		3CFF211E1A4D746DD2A5EE36 /* Debug */ = {
			isa = XCBuildConfiguration;
			buildSettings = {
				ALWAYS_SEARCH_USER_PATHS = NO;
				CLANG_ANALYZER_NONNULL = YES;
				CLANG_ANALYZER_NUMBER_OBJECT_CONVERSION = YES_AGGRESSIVE;
				CLANG_CXX_LANGUAGE_STANDARD = "gnu++14";
				CLANG_CXX_LIBRARY = "libc++";
				CLANG_ENABLE_MODULES = YES;
				CLANG_ENABLE_OBJC_ARC = YES;
				CLANG_ENABLE_OBJC_WEAK = YES;
				CLANG_WARN_BLOCK_CAPTURE_AUTORELEASING = YES;
				CLANG_WARN_BOOL_CONVERSION = YES;
				CLANG_WARN_COMMA = YES;
				CLANG_WARN_CONSTANT_CONVERSION = YES;
				CLANG_WARN_DEPRECATED_OBJC_IMPLEMENTATIONS = YES;
				CLANG_WARN_DIRECT_OBJC_ISA_USAGE = YES_ERROR;
				CLANG_WARN_DOCUMENTATION_COMMENTS = YES;
				CLANG_WARN_EMPTY_BODY = YES;
				CLANG_WARN_ENUM_CONVERSION = YES;
				CLANG_WARN_INFINITE_RECURSION = YES;
				CLANG_WARN_INT_CONVERSION = YES;
				CLANG_WARN_NON_LITERAL_NULL_CONVERSION = YES;
				CLANG_WARN_OBJC_IMPLICIT_RETAIN_SELF = YES;
				CLANG_WARN_OBJC_LITERAL_CONVERSION = YES;
				CLANG_WARN_OBJC_ROOT_CLASS = YES_ERROR;
				CLANG_WARN_RANGE_LOOP_ANALYSIS = YES;
				CLANG_WARN_STRICT_PROTOTYPES = YES;
				CLANG_WARN_SUSPICIOUS_MOVE = YES;
				CLANG_WARN_UNGUARDED_AVAILABILITY = YES_AGGRESSIVE;
				CLANG_WARN_UNREACHABLE_CODE = YES;
				CLANG_WARN__DUPLICATE_METHOD_MATCH = YES;
				CODE_SIGN_IDENTITY = "iPhone Developer";
				COPY_PHASE_STRIP = NO;
				DEBUG_INFORMATION_FORMAT = dwarf;
				ENABLE_STRICT_OBJC_MSGSEND = YES;
				ENABLE_TESTABILITY = YES;
				GCC_C_LANGUAGE_STANDARD = gnu11;
				GCC_DYNAMIC_NO_PIC = NO;
				GCC_NO_COMMON_BLOCKS = YES;
				GCC_OPTIMIZATION_LEVEL = 0;
				GCC_PREPROCESSOR_DEFINITIONS = (
					"DEBUG=1",
					"$(inherited)",
				);
				GCC_WARN_64_TO_32_BIT_CONVERSION = YES;
				GCC_WARN_ABOUT_RETURN_TYPE = YES_ERROR;
				GCC_WARN_UNDECLARED_SELECTOR = YES;
				GCC_WARN_UNINITIALIZED_AUTOS = YES_AGGRESSIVE;
				GCC_WARN_UNUSED_FUNCTION = YES;
				GCC_WARN_UNUSED_VARIABLE = YES;
				IPHONEOS_DEPLOYMENT_TARGET = 12.0;
				MTL_ENABLE_DEBUG_INFO = INCLUDE_SOURCE;
				MTL_FAST_MATH = YES;
				ONLY_ACTIVE_ARCH = YES;
				SDKROOT = iphoneos;
				SWIFT_ACTIVE_COMPILATION_CONDITIONS = DEBUG;
				SWIFT_OPTIMIZATION_LEVEL = "-Onone";
			};
			name = Debug;
		};
		3CFF212FBFD39D7B9FC43088 /* Release */ = {
			isa = XCBuildConfiguration;
			buildSettings = {
				ASSETCATALOG_COMPILER_APPICON_NAME = AppIcon;
				ASSETCATALOG_COMPILER_LAUNCHIMAGE_NAME = LaunchImage;
				DEVELOPMENT_TEAM = H6S25Q987W;
				INFOPLIST_FILE = iNopeChat/Info.plist;
				LD_RUNPATH_SEARCH_PATHS = "$(inherited) @executable_path/Frameworks";
				PRODUCT_BUNDLE_IDENTIFIER = example.iNopeChat;
				PRODUCT_NAME = "$(TARGET_NAME)";
				SWIFT_VERSION = 4.2;
				TARGETED_DEVICE_FAMILY = "1,2";
			};
			name = Release;
		};
		3CFF22C5402675028C870EAE /* Release */ = {
			isa = XCBuildConfiguration;
			buildSettings = {
				ALWAYS_SEARCH_USER_PATHS = NO;
				CLANG_ANALYZER_NONNULL = YES;
				CLANG_ANALYZER_NUMBER_OBJECT_CONVERSION = YES_AGGRESSIVE;
				CLANG_CXX_LANGUAGE_STANDARD = "gnu++14";
				CLANG_CXX_LIBRARY = "libc++";
				CLANG_ENABLE_MODULES = YES;
				CLANG_ENABLE_OBJC_ARC = YES;
				CLANG_ENABLE_OBJC_WEAK = YES;
				CLANG_WARN_BLOCK_CAPTURE_AUTORELEASING = YES;
				CLANG_WARN_BOOL_CONVERSION = YES;
				CLANG_WARN_COMMA = YES;
				CLANG_WARN_CONSTANT_CONVERSION = YES;
				CLANG_WARN_DEPRECATED_OBJC_IMPLEMENTATIONS = YES;
				CLANG_WARN_DIRECT_OBJC_ISA_USAGE = YES_ERROR;
				CLANG_WARN_DOCUMENTATION_COMMENTS = YES;
				CLANG_WARN_EMPTY_BODY = YES;
				CLANG_WARN_ENUM_CONVERSION = YES;
				CLANG_WARN_INFINITE_RECURSION = YES;
				CLANG_WARN_INT_CONVERSION = YES;
				CLANG_WARN_NON_LITERAL_NULL_CONVERSION = YES;
				CLANG_WARN_OBJC_IMPLICIT_RETAIN_SELF = YES;
				CLANG_WARN_OBJC_LITERAL_CONVERSION = YES;
				CLANG_WARN_OBJC_ROOT_CLASS = YES_ERROR;
				CLANG_WARN_RANGE_LOOP_ANALYSIS = YES;
				CLANG_WARN_STRICT_PROTOTYPES = YES;
				CLANG_WARN_SUSPICIOUS_MOVE = YES;
				CLANG_WARN_UNGUARDED_AVAILABILITY = YES_AGGRESSIVE;
				CLANG_WARN_UNREACHABLE_CODE = YES;
				CLANG_WARN__DUPLICATE_METHOD_MATCH = YES;
				CODE_SIGN_IDENTITY = "iPhone Developer";
				COPY_PHASE_STRIP = NO;
				DEBUG_INFORMATION_FORMAT = "dwarf-with-dsym";
				ENABLE_NS_ASSERTIONS = NO;
				ENABLE_STRICT_OBJC_MSGSEND = YES;
				GCC_C_LANGUAGE_STANDARD = gnu11;
				GCC_NO_COMMON_BLOCKS = YES;
				GCC_WARN_64_TO_32_BIT_CONVERSION = YES;
				GCC_WARN_ABOUT_RETURN_TYPE = YES_ERROR;
				GCC_WARN_UNDECLARED_SELECTOR = YES;
				GCC_WARN_UNINITIALIZED_AUTOS = YES_AGGRESSIVE;
				GCC_WARN_UNUSED_FUNCTION = YES;
				GCC_WARN_UNUSED_VARIABLE = YES;
				IPHONEOS_DEPLOYMENT_TARGET = 12.0;
				MTL_ENABLE_DEBUG_INFO = NO;
				MTL_FAST_MATH = YES;
				SDKROOT = iphoneos;
				SWIFT_OPTIMIZATION_LEVEL = "-Owholemodule";
				VALIDATE_PRODUCT = YES;
			};
			name = Release;
		};
		3CFF29355BA78F728FC84AA4 /* Debug */ = {
			isa = XCBuildConfiguration;
			buildSettings = {
				ASSETCATALOG_COMPILER_APPICON_NAME = AppIcon;
				ASSETCATALOG_COMPILER_LAUNCHIMAGE_NAME = LaunchImage;
				DEVELOPMENT_TEAM = H6S25Q987W;
				INFOPLIST_FILE = iNopeChat/Info.plist;
				LD_RUNPATH_SEARCH_PATHS = "$(inherited) @executable_path/Frameworks";
				PRODUCT_BUNDLE_IDENTIFIER = example.iNopeChat;
				PRODUCT_NAME = "$(TARGET_NAME)";
				SWIFT_VERSION = 4.2;
				TARGETED_DEVICE_FAMILY = "1,2";
			};
			name = Debug;
		};
/* End XCBuildConfiguration section */

/* Begin XCConfigurationList section */
		3CFF271B434E7EB6B203C6FD /* Build configuration list for PBXProject "iNopeChat" */ = {
			isa = XCConfigurationList;
			buildConfigurations = (
				3CFF211E1A4D746DD2A5EE36 /* Debug */,
				3CFF22C5402675028C870EAE /* Release */,
			);
			defaultConfigurationIsVisible = 0;
			defaultConfigurationName = Release;
		};
		3CFF29FE8E6895499A3FB193 /* Build configuration list for PBXNativeTarget "iNopeChat" */ = {
			isa = XCConfigurationList;
			buildConfigurations = (
				3CFF29355BA78F728FC84AA4 /* Debug */,
				3CFF212FBFD39D7B9FC43088 /* Release */,
			);
			defaultConfigurationIsVisible = 0;
			defaultConfigurationName = Release;
		};
/* End XCConfigurationList section */
	};
	rootObject = 3CFF2ADEE0DC36423380DACF /* Project object */;
}
